// !$*UTF8*$!
{
	archiveVersion = 1;
	classes = {
	};
	objectVersion = 56;
	objects = {

/* Begin PBXBuildFile section */
		267CBDC12C5C9BC0004029DD /* ContentView.swift in Sources */ = {isa = PBXBuildFile; fileRef = 267CBDC02C5C9BC0004029DD /* ContentView.swift */; };
		267CBDC32C5C9BC1004029DD /* Assets.xcassets in Resources */ = {isa = PBXBuildFile; fileRef = 267CBDC22C5C9BC1004029DD /* Assets.xcassets */; };
		267CBDC62C5C9BC1004029DD /* Preview Assets.xcassets in Resources */ = {isa = PBXBuildFile; fileRef = 267CBDC52C5C9BC1004029DD /* Preview Assets.xcassets */; };
		267CBE822C5D1AAA004029DD /* package.c in Sources */ = {isa = PBXBuildFile; fileRef = 267CBE812C5D1AAA004029DD /* package.c */; };
		267CBE852C5D1B17004029DD /* log.c in Sources */ = {isa = PBXBuildFile; fileRef = 267CBE832C5D1B17004029DD /* log.c */; };
/* End PBXBuildFile section */

/* Begin PBXContainerItemProxy section */
		267CBDCD2C5C9BC1004029DD /* PBXContainerItemProxy */ = {
			isa = PBXContainerItemProxy;
			containerPortal = 267CBDB32C5C9BC0004029DD /* Project object */;
			proxyType = 1;
			remoteGlobalIDString = 267CBDBA2C5C9BC0004029DD;
			remoteInfo = "exporter-macos";
		};
		267CBDD72C5C9BC1004029DD /* PBXContainerItemProxy */ = {
			isa = PBXContainerItemProxy;
			containerPortal = 267CBDB32C5C9BC0004029DD /* Project object */;
			proxyType = 1;
			remoteGlobalIDString = 267CBDBA2C5C9BC0004029DD;
			remoteInfo = "exporter-macos";
		};
/* End PBXContainerItemProxy section */

/* Begin PBXFileReference section */
		267CBDBB2C5C9BC0004029DD /* exporter-macos.app */ = {isa = PBXFileReference; explicitFileType = wrapper.application; includeInIndex = 0; path = "exporter-macos.app"; sourceTree = BUILT_PRODUCTS_DIR; };
		267CBDC02C5C9BC0004029DD /* ContentView.swift */ = {isa = PBXFileReference; lastKnownFileType = sourcecode.swift; path = ContentView.swift; sourceTree = "<group>"; };
		267CBDC22C5C9BC1004029DD /* Assets.xcassets */ = {isa = PBXFileReference; lastKnownFileType = folder.assetcatalog; path = Assets.xcassets; sourceTree = "<group>"; };
		267CBDC52C5C9BC1004029DD /* Preview Assets.xcassets */ = {isa = PBXFileReference; lastKnownFileType = folder.assetcatalog; path = "Preview Assets.xcassets"; sourceTree = "<group>"; };
		267CBDC72C5C9BC1004029DD /* exporter_macos.entitlements */ = {isa = PBXFileReference; lastKnownFileType = text.plist.entitlements; path = exporter_macos.entitlements; sourceTree = "<group>"; };
		267CBDCC2C5C9BC1004029DD /* exporter-macosTests.xctest */ = {isa = PBXFileReference; explicitFileType = wrapper.cfbundle; includeInIndex = 0; path = "exporter-macosTests.xctest"; sourceTree = BUILT_PRODUCTS_DIR; };
		267CBDD62C5C9BC1004029DD /* exporter-macosUITests.xctest */ = {isa = PBXFileReference; explicitFileType = wrapper.cfbundle; includeInIndex = 0; path = "exporter-macosUITests.xctest"; sourceTree = BUILT_PRODUCTS_DIR; };
		267CBE7F2C5D1AA9004029DD /* exporter-macos-Bridging-Header.h */ = {isa = PBXFileReference; lastKnownFileType = sourcecode.c.h; path = "exporter-macos-Bridging-Header.h"; sourceTree = "<group>"; };
		267CBE802C5D1AAA004029DD /* package.h */ = {isa = PBXFileReference; fileEncoding = 4; lastKnownFileType = sourcecode.c.h; name = package.h; path = ../../src/package.h; sourceTree = "<group>"; };
		267CBE812C5D1AAA004029DD /* package.c */ = {isa = PBXFileReference; fileEncoding = 4; lastKnownFileType = sourcecode.c.c; name = package.c; path = ../../src/package.c; sourceTree = "<group>"; };
		267CBE832C5D1B17004029DD /* log.c */ = {isa = PBXFileReference; fileEncoding = 4; lastKnownFileType = sourcecode.c.c; name = log.c; path = ../../src/log.c; sourceTree = "<group>"; };
		267CBE842C5D1B17004029DD /* log.h */ = {isa = PBXFileReference; fileEncoding = 4; lastKnownFileType = sourcecode.c.h; name = log.h; path = ../../src/log.h; sourceTree = "<group>"; };
/* End PBXFileReference section */

/* Begin PBXFrameworksBuildPhase section */
		267CBDB82C5C9BC0004029DD /* Frameworks */ = {
			isa = PBXFrameworksBuildPhase;
			buildActionMask = 2147483647;
			files = (
			);
			runOnlyForDeploymentPostprocessing = 0;
		};
		267CBDC92C5C9BC1004029DD /* Frameworks */ = {
			isa = PBXFrameworksBuildPhase;
			buildActionMask = 2147483647;
			files = (
			);
			runOnlyForDeploymentPostprocessing = 0;
		};
		267CBDD32C5C9BC1004029DD /* Frameworks */ = {
			isa = PBXFrameworksBuildPhase;
			buildActionMask = 2147483647;
			files = (
			);
			runOnlyForDeploymentPostprocessing = 0;
		};
/* End PBXFrameworksBuildPhase section */

/* Begin PBXGroup section */
		267CBDB22C5C9BC0004029DD = {
			isa = PBXGroup;
			children = (
				267CBDBD2C5C9BC0004029DD /* exporter-macos */,
				267CBE7E2C5D1A8F004029DD /* OpenNovel */,
				267CBDBC2C5C9BC0004029DD /* Products */,
			);
			sourceTree = "<group>";
		};
		267CBDBC2C5C9BC0004029DD /* Products */ = {
			isa = PBXGroup;
			children = (
				267CBDBB2C5C9BC0004029DD /* exporter-macos.app */,
				267CBDCC2C5C9BC1004029DD /* exporter-macosTests.xctest */,
				267CBDD62C5C9BC1004029DD /* exporter-macosUITests.xctest */,
			);
			name = Products;
			sourceTree = "<group>";
		};
		267CBDBD2C5C9BC0004029DD /* exporter-macos */ = {
			isa = PBXGroup;
			children = (
				267CBDC02C5C9BC0004029DD /* ContentView.swift */,
				267CBDC22C5C9BC1004029DD /* Assets.xcassets */,
				267CBDC72C5C9BC1004029DD /* exporter_macos.entitlements */,
				267CBDC42C5C9BC1004029DD /* Preview Content */,
			);
			path = "exporter-macos";
			sourceTree = "<group>";
		};
		267CBDC42C5C9BC1004029DD /* Preview Content */ = {
			isa = PBXGroup;
			children = (
				267CBDC52C5C9BC1004029DD /* Preview Assets.xcassets */,
			);
			path = "Preview Content";
			sourceTree = "<group>";
		};
		267CBE7E2C5D1A8F004029DD /* OpenNovel */ = {
			isa = PBXGroup;
			children = (
				267CBE832C5D1B17004029DD /* log.c */,
				267CBE842C5D1B17004029DD /* log.h */,
				267CBE812C5D1AAA004029DD /* package.c */,
				267CBE802C5D1AAA004029DD /* package.h */,
				267CBE7F2C5D1AA9004029DD /* exporter-macos-Bridging-Header.h */,
			);
			name = OpenNovel;
			sourceTree = "<group>";
		};
/* End PBXGroup section */

/* Begin PBXNativeTarget section */
		267CBDBA2C5C9BC0004029DD /* exporter-macos */ = {
			isa = PBXNativeTarget;
			buildConfigurationList = 267CBDE02C5C9BC1004029DD /* Build configuration list for PBXNativeTarget "exporter-macos" */;
			buildPhases = (
				267CBDB72C5C9BC0004029DD /* Sources */,
				267CBDB82C5C9BC0004029DD /* Frameworks */,
				267CBDB92C5C9BC0004029DD /* Resources */,
			);
			buildRules = (
			);
			dependencies = (
			);
			name = "exporter-macos";
			productName = "exporter-macos";
			productReference = 267CBDBB2C5C9BC0004029DD /* exporter-macos.app */;
			productType = "com.apple.product-type.application";
		};
		267CBDCB2C5C9BC1004029DD /* exporter-macosTests */ = {
			isa = PBXNativeTarget;
			buildConfigurationList = 267CBDE32C5C9BC1004029DD /* Build configuration list for PBXNativeTarget "exporter-macosTests" */;
			buildPhases = (
				267CBDC82C5C9BC1004029DD /* Sources */,
				267CBDC92C5C9BC1004029DD /* Frameworks */,
				267CBDCA2C5C9BC1004029DD /* Resources */,
			);
			buildRules = (
			);
			dependencies = (
				267CBDCE2C5C9BC1004029DD /* PBXTargetDependency */,
			);
			name = "exporter-macosTests";
			productName = "exporter-macosTests";
			productReference = 267CBDCC2C5C9BC1004029DD /* exporter-macosTests.xctest */;
			productType = "com.apple.product-type.bundle.unit-test";
		};
		267CBDD52C5C9BC1004029DD /* exporter-macosUITests */ = {
			isa = PBXNativeTarget;
			buildConfigurationList = 267CBDE62C5C9BC1004029DD /* Build configuration list for PBXNativeTarget "exporter-macosUITests" */;
			buildPhases = (
				267CBDD22C5C9BC1004029DD /* Sources */,
				267CBDD32C5C9BC1004029DD /* Frameworks */,
				267CBDD42C5C9BC1004029DD /* Resources */,
			);
			buildRules = (
			);
			dependencies = (
				267CBDD82C5C9BC1004029DD /* PBXTargetDependency */,
			);
			name = "exporter-macosUITests";
			productName = "exporter-macosUITests";
			productReference = 267CBDD62C5C9BC1004029DD /* exporter-macosUITests.xctest */;
			productType = "com.apple.product-type.bundle.ui-testing";
		};
/* End PBXNativeTarget section */

/* Begin PBXProject section */
		267CBDB32C5C9BC0004029DD /* Project object */ = {
			isa = PBXProject;
			attributes = {
				BuildIndependentTargetsInParallel = 1;
				LastSwiftUpdateCheck = 1540;
				LastUpgradeCheck = 1540;
				TargetAttributes = {
					267CBDBA2C5C9BC0004029DD = {
						CreatedOnToolsVersion = 15.4;
						LastSwiftMigration = 1540;
					};
					267CBDCB2C5C9BC1004029DD = {
						CreatedOnToolsVersion = 15.4;
						TestTargetID = 267CBDBA2C5C9BC0004029DD;
					};
					267CBDD52C5C9BC1004029DD = {
						CreatedOnToolsVersion = 15.4;
						TestTargetID = 267CBDBA2C5C9BC0004029DD;
					};
				};
			};
			buildConfigurationList = 267CBDB62C5C9BC0004029DD /* Build configuration list for PBXProject "exporter-macos" */;
			compatibilityVersion = "Xcode 14.0";
			developmentRegion = en;
			hasScannedForEncodings = 0;
			knownRegions = (
				en,
				Base,
			);
			mainGroup = 267CBDB22C5C9BC0004029DD;
			productRefGroup = 267CBDBC2C5C9BC0004029DD /* Products */;
			projectDirPath = "";
			projectRoot = "";
			targets = (
				267CBDBA2C5C9BC0004029DD /* exporter-macos */,
				267CBDCB2C5C9BC1004029DD /* exporter-macosTests */,
				267CBDD52C5C9BC1004029DD /* exporter-macosUITests */,
			);
		};
/* End PBXProject section */

/* Begin PBXResourcesBuildPhase section */
		267CBDB92C5C9BC0004029DD /* Resources */ = {
			isa = PBXResourcesBuildPhase;
			buildActionMask = 2147483647;
			files = (
				267CBDC62C5C9BC1004029DD /* Preview Assets.xcassets in Resources */,
				267CBDC32C5C9BC1004029DD /* Assets.xcassets in Resources */,
			);
			runOnlyForDeploymentPostprocessing = 0;
		};
		267CBDCA2C5C9BC1004029DD /* Resources */ = {
			isa = PBXResourcesBuildPhase;
			buildActionMask = 2147483647;
			files = (
			);
			runOnlyForDeploymentPostprocessing = 0;
		};
		267CBDD42C5C9BC1004029DD /* Resources */ = {
			isa = PBXResourcesBuildPhase;
			buildActionMask = 2147483647;
			files = (
			);
			runOnlyForDeploymentPostprocessing = 0;
		};
/* End PBXResourcesBuildPhase section */

/* Begin PBXSourcesBuildPhase section */
		267CBDB72C5C9BC0004029DD /* Sources */ = {
			isa = PBXSourcesBuildPhase;
			buildActionMask = 2147483647;
			files = (
				267CBE852C5D1B17004029DD /* log.c in Sources */,
				267CBE822C5D1AAA004029DD /* package.c in Sources */,
				267CBDC12C5C9BC0004029DD /* ContentView.swift in Sources */,
			);
			runOnlyForDeploymentPostprocessing = 0;
		};
		267CBDC82C5C9BC1004029DD /* Sources */ = {
			isa = PBXSourcesBuildPhase;
			buildActionMask = 2147483647;
			files = (
			);
			runOnlyForDeploymentPostprocessing = 0;
		};
		267CBDD22C5C9BC1004029DD /* Sources */ = {
			isa = PBXSourcesBuildPhase;
			buildActionMask = 2147483647;
			files = (
			);
			runOnlyForDeploymentPostprocessing = 0;
		};
/* End PBXSourcesBuildPhase section */

/* Begin PBXTargetDependency section */
		267CBDCE2C5C9BC1004029DD /* PBXTargetDependency */ = {
			isa = PBXTargetDependency;
			target = 267CBDBA2C5C9BC0004029DD /* exporter-macos */;
			targetProxy = 267CBDCD2C5C9BC1004029DD /* PBXContainerItemProxy */;
		};
		267CBDD82C5C9BC1004029DD /* PBXTargetDependency */ = {
			isa = PBXTargetDependency;
			target = 267CBDBA2C5C9BC0004029DD /* exporter-macos */;
			targetProxy = 267CBDD72C5C9BC1004029DD /* PBXContainerItemProxy */;
		};
/* End PBXTargetDependency section */

/* Begin XCBuildConfiguration section */
		267CBDDE2C5C9BC1004029DD /* Debug */ = {
			isa = XCBuildConfiguration;
			buildSettings = {
				ALWAYS_SEARCH_USER_PATHS = NO;
				ASSETCATALOG_COMPILER_GENERATE_SWIFT_ASSET_SYMBOL_EXTENSIONS = YES;
				CLANG_ANALYZER_NONNULL = YES;
				CLANG_ANALYZER_NUMBER_OBJECT_CONVERSION = YES_AGGRESSIVE;
				CLANG_CXX_LANGUAGE_STANDARD = "gnu++20";
				CLANG_ENABLE_MODULES = YES;
				CLANG_ENABLE_OBJC_ARC = YES;
				CLANG_ENABLE_OBJC_WEAK = YES;
				CLANG_WARN_BLOCK_CAPTURE_AUTORELEASING = YES;
				CLANG_WARN_BOOL_CONVERSION = YES;
				CLANG_WARN_COMMA = YES;
				CLANG_WARN_CONSTANT_CONVERSION = YES;
				CLANG_WARN_DEPRECATED_OBJC_IMPLEMENTATIONS = YES;
				CLANG_WARN_DIRECT_OBJC_ISA_USAGE = YES_ERROR;
				CLANG_WARN_DOCUMENTATION_COMMENTS = YES;
				CLANG_WARN_EMPTY_BODY = YES;
				CLANG_WARN_ENUM_CONVERSION = YES;
				CLANG_WARN_INFINITE_RECURSION = YES;
				CLANG_WARN_INT_CONVERSION = YES;
				CLANG_WARN_NON_LITERAL_NULL_CONVERSION = YES;
				CLANG_WARN_OBJC_IMPLICIT_RETAIN_SELF = YES;
				CLANG_WARN_OBJC_LITERAL_CONVERSION = YES;
				CLANG_WARN_OBJC_ROOT_CLASS = YES_ERROR;
				CLANG_WARN_QUOTED_INCLUDE_IN_FRAMEWORK_HEADER = YES;
				CLANG_WARN_RANGE_LOOP_ANALYSIS = YES;
				CLANG_WARN_STRICT_PROTOTYPES = YES;
				CLANG_WARN_SUSPICIOUS_MOVE = YES;
				CLANG_WARN_UNGUARDED_AVAILABILITY = YES_AGGRESSIVE;
				CLANG_WARN_UNREACHABLE_CODE = YES;
				CLANG_WARN__DUPLICATE_METHOD_MATCH = YES;
				COPY_PHASE_STRIP = NO;
				DEBUG_INFORMATION_FORMAT = dwarf;
				ENABLE_STRICT_OBJC_MSGSEND = YES;
				ENABLE_TESTABILITY = YES;
				ENABLE_USER_SCRIPT_SANDBOXING = YES;
				GCC_C_LANGUAGE_STANDARD = gnu17;
				GCC_DYNAMIC_NO_PIC = NO;
				GCC_NO_COMMON_BLOCKS = YES;
				GCC_OPTIMIZATION_LEVEL = 0;
				GCC_PREPROCESSOR_DEFINITIONS = (
					USE_LIB_PACK,
					USE_DLL,
					USE_SWIFT,
				);
				GCC_WARN_64_TO_32_BIT_CONVERSION = YES;
				GCC_WARN_ABOUT_RETURN_TYPE = YES_ERROR;
				GCC_WARN_UNDECLARED_SELECTOR = YES;
				GCC_WARN_UNINITIALIZED_AUTOS = YES_AGGRESSIVE;
				GCC_WARN_UNUSED_FUNCTION = YES;
				GCC_WARN_UNUSED_VARIABLE = YES;
				LOCALIZATION_PREFERS_STRING_CATALOGS = YES;
				MACOSX_DEPLOYMENT_TARGET = 14.5;
				MTL_ENABLE_DEBUG_INFO = INCLUDE_SOURCE;
				MTL_FAST_MATH = YES;
				ONLY_ACTIVE_ARCH = YES;
				SDKROOT = macosx;
				SWIFT_ACTIVE_COMPILATION_CONDITIONS = "DEBUG $(inherited)";
				SWIFT_OPTIMIZATION_LEVEL = "-Onone";
			};
			name = Debug;
		};
		267CBDDF2C5C9BC1004029DD /* Release */ = {
			isa = XCBuildConfiguration;
			buildSettings = {
				ALWAYS_SEARCH_USER_PATHS = NO;
				ASSETCATALOG_COMPILER_GENERATE_SWIFT_ASSET_SYMBOL_EXTENSIONS = YES;
				CLANG_ANALYZER_NONNULL = YES;
				CLANG_ANALYZER_NUMBER_OBJECT_CONVERSION = YES_AGGRESSIVE;
				CLANG_CXX_LANGUAGE_STANDARD = "gnu++20";
				CLANG_ENABLE_MODULES = YES;
				CLANG_ENABLE_OBJC_ARC = YES;
				CLANG_ENABLE_OBJC_WEAK = YES;
				CLANG_WARN_BLOCK_CAPTURE_AUTORELEASING = YES;
				CLANG_WARN_BOOL_CONVERSION = YES;
				CLANG_WARN_COMMA = YES;
				CLANG_WARN_CONSTANT_CONVERSION = YES;
				CLANG_WARN_DEPRECATED_OBJC_IMPLEMENTATIONS = YES;
				CLANG_WARN_DIRECT_OBJC_ISA_USAGE = YES_ERROR;
				CLANG_WARN_DOCUMENTATION_COMMENTS = YES;
				CLANG_WARN_EMPTY_BODY = YES;
				CLANG_WARN_ENUM_CONVERSION = YES;
				CLANG_WARN_INFINITE_RECURSION = YES;
				CLANG_WARN_INT_CONVERSION = YES;
				CLANG_WARN_NON_LITERAL_NULL_CONVERSION = YES;
				CLANG_WARN_OBJC_IMPLICIT_RETAIN_SELF = YES;
				CLANG_WARN_OBJC_LITERAL_CONVERSION = YES;
				CLANG_WARN_OBJC_ROOT_CLASS = YES_ERROR;
				CLANG_WARN_QUOTED_INCLUDE_IN_FRAMEWORK_HEADER = YES;
				CLANG_WARN_RANGE_LOOP_ANALYSIS = YES;
				CLANG_WARN_STRICT_PROTOTYPES = YES;
				CLANG_WARN_SUSPICIOUS_MOVE = YES;
				CLANG_WARN_UNGUARDED_AVAILABILITY = YES_AGGRESSIVE;
				CLANG_WARN_UNREACHABLE_CODE = YES;
				CLANG_WARN__DUPLICATE_METHOD_MATCH = YES;
				COPY_PHASE_STRIP = NO;
				DEBUG_INFORMATION_FORMAT = "dwarf-with-dsym";
				ENABLE_NS_ASSERTIONS = NO;
				ENABLE_STRICT_OBJC_MSGSEND = YES;
				ENABLE_USER_SCRIPT_SANDBOXING = YES;
				GCC_C_LANGUAGE_STANDARD = gnu17;
				GCC_NO_COMMON_BLOCKS = YES;
				GCC_PREPROCESSOR_DEFINITIONS = (
					USE_LIB_PACK,
					USE_DLL,
					USE_SWIFT,
				);
				GCC_WARN_64_TO_32_BIT_CONVERSION = YES;
				GCC_WARN_ABOUT_RETURN_TYPE = YES_ERROR;
				GCC_WARN_UNDECLARED_SELECTOR = YES;
				GCC_WARN_UNINITIALIZED_AUTOS = YES_AGGRESSIVE;
				GCC_WARN_UNUSED_FUNCTION = YES;
				GCC_WARN_UNUSED_VARIABLE = YES;
				LOCALIZATION_PREFERS_STRING_CATALOGS = YES;
				MACOSX_DEPLOYMENT_TARGET = 14.5;
				MTL_ENABLE_DEBUG_INFO = NO;
				MTL_FAST_MATH = YES;
				SDKROOT = macosx;
				SWIFT_COMPILATION_MODE = wholemodule;
			};
			name = Release;
		};
		267CBDE12C5C9BC1004029DD /* Debug */ = {
			isa = XCBuildConfiguration;
			buildSettings = {
				ASSETCATALOG_COMPILER_APPICON_NAME = AppIcon;
				ASSETCATALOG_COMPILER_GLOBAL_ACCENT_COLOR_NAME = AccentColor;
				CLANG_ENABLE_MODULES = YES;
				CODE_SIGN_ENTITLEMENTS = "exporter-macos/exporter_macos.entitlements";
				CODE_SIGN_STYLE = Automatic;
				COMBINE_HIDPI_IMAGES = YES;
				CURRENT_PROJECT_VERSION = 1;
				DEVELOPMENT_ASSET_PATHS = "\"exporter-macos/Preview Content\"";
				ENABLE_PREVIEWS = YES;
				GENERATE_INFOPLIST_FILE = YES;
				INFOPLIST_KEY_NSHumanReadableCopyright = "";
				LD_RUNPATH_SEARCH_PATHS = (
					"$(inherited)",
					"@executable_path/../Frameworks",
				);
				MARKETING_VERSION = 1.0;
				PRODUCT_BUNDLE_IDENTIFIER = "org.opennovel.exporter-macos";
				PRODUCT_NAME = "$(TARGET_NAME)";
				SWIFT_EMIT_LOC_STRINGS = YES;
				SWIFT_OBJC_BRIDGING_HEADER = "exporter-macos-Bridging-Header.h";
				SWIFT_OPTIMIZATION_LEVEL = "-Onone";
				SWIFT_VERSION = 5.0;
			};
			name = Debug;
		};
		267CBDE22C5C9BC1004029DD /* Release */ = {
			isa = XCBuildConfiguration;
			buildSettings = {
				ASSETCATALOG_COMPILER_APPICON_NAME = AppIcon;
				ASSETCATALOG_COMPILER_GLOBAL_ACCENT_COLOR_NAME = AccentColor;
				CLANG_ENABLE_MODULES = YES;
				CODE_SIGN_ENTITLEMENTS = "exporter-macos/exporter_macos.entitlements";
				CODE_SIGN_STYLE = Automatic;
				COMBINE_HIDPI_IMAGES = YES;
				CURRENT_PROJECT_VERSION = 1;
				DEVELOPMENT_ASSET_PATHS = "\"exporter-macos/Preview Content\"";
				ENABLE_PREVIEWS = YES;
				GENERATE_INFOPLIST_FILE = YES;
				INFOPLIST_KEY_NSHumanReadableCopyright = "";
				LD_RUNPATH_SEARCH_PATHS = (
					"$(inherited)",
					"@executable_path/../Frameworks",
				);
				MARKETING_VERSION = 1.0;
				PRODUCT_BUNDLE_IDENTIFIER = "org.opennovel.exporter-macos";
				PRODUCT_NAME = "$(TARGET_NAME)";
				SWIFT_EMIT_LOC_STRINGS = YES;
				SWIFT_OBJC_BRIDGING_HEADER = "exporter-macos-Bridging-Header.h";
				SWIFT_VERSION = 5.0;
			};
			name = Release;
		};
		267CBDE42C5C9BC1004029DD /* Debug */ = {
			isa = XCBuildConfiguration;
			buildSettings = {
				ALWAYS_EMBED_SWIFT_STANDARD_LIBRARIES = YES;
				BUNDLE_LOADER = "$(TEST_HOST)";
				CODE_SIGN_STYLE = Automatic;
				CURRENT_PROJECT_VERSION = 1;
				GENERATE_INFOPLIST_FILE = YES;
				MACOSX_DEPLOYMENT_TARGET = 14.5;
				MARKETING_VERSION = 1.0;
				PRODUCT_BUNDLE_IDENTIFIER = "org.opennovel.exporter-macosTests";
				PRODUCT_NAME = "$(TARGET_NAME)";
				SWIFT_EMIT_LOC_STRINGS = NO;
				SWIFT_VERSION = 5.0;
				TEST_HOST = "$(BUILT_PRODUCTS_DIR)/exporter-macos.app/$(BUNDLE_EXECUTABLE_FOLDER_PATH)/exporter-macos";
			};
			name = Debug;
		};
		267CBDE52C5C9BC1004029DD /* Release */ = {
			isa = XCBuildConfiguration;
			buildSettings = {
				ALWAYS_EMBED_SWIFT_STANDARD_LIBRARIES = YES;
				BUNDLE_LOADER = "$(TEST_HOST)";
				CODE_SIGN_STYLE = Automatic;
				CURRENT_PROJECT_VERSION = 1;
				GENERATE_INFOPLIST_FILE = YES;
				MACOSX_DEPLOYMENT_TARGET = 14.5;
				MARKETING_VERSION = 1.0;
				PRODUCT_BUNDLE_IDENTIFIER = "org.opennovel.exporter-macosTests";
				PRODUCT_NAME = "$(TARGET_NAME)";
				SWIFT_EMIT_LOC_STRINGS = NO;
				SWIFT_VERSION = 5.0;
				TEST_HOST = "$(BUILT_PRODUCTS_DIR)/exporter-macos.app/$(BUNDLE_EXECUTABLE_FOLDER_PATH)/exporter-macos";
			};
			name = Release;
		};
		267CBDE72C5C9BC1004029DD /* Debug */ = {
			isa = XCBuildConfiguration;
			buildSettings = {
				ALWAYS_EMBED_SWIFT_STANDARD_LIBRARIES = YES;
				CODE_SIGN_STYLE = Automatic;
				CURRENT_PROJECT_VERSION = 1;
				GENERATE_INFOPLIST_FILE = YES;
				MARKETING_VERSION = 1.0;
				PRODUCT_BUNDLE_IDENTIFIER = "org.opennovel.exporter-macosUITests";
				PRODUCT_NAME = "$(TARGET_NAME)";
				SWIFT_EMIT_LOC_STRINGS = NO;
				SWIFT_VERSION = 5.0;
				TEST_TARGET_NAME = "exporter-macos";
			};
			name = Debug;
		};
		267CBDE82C5C9BC1004029DD /* Release */ = {
			isa = XCBuildConfiguration;
			buildSettings = {
				ALWAYS_EMBED_SWIFT_STANDARD_LIBRARIES = YES;
				CODE_SIGN_STYLE = Automatic;
				CURRENT_PROJECT_VERSION = 1;
				GENERATE_INFOPLIST_FILE = YES;
				MARKETING_VERSION = 1.0;
				PRODUCT_BUNDLE_IDENTIFIER = "org.opennovel.exporter-macosUITests";
				PRODUCT_NAME = "$(TARGET_NAME)";
				SWIFT_EMIT_LOC_STRINGS = NO;
				SWIFT_VERSION = 5.0;
				TEST_TARGET_NAME = "exporter-macos";
			};
			name = Release;
		};
/* End XCBuildConfiguration section */

/* Begin XCConfigurationList section */
		267CBDB62C5C9BC0004029DD /* Build configuration list for PBXProject "exporter-macos" */ = {
			isa = XCConfigurationList;
			buildConfigurations = (
				267CBDDE2C5C9BC1004029DD /* Debug */,
				267CBDDF2C5C9BC1004029DD /* Release */,
			);
			defaultConfigurationIsVisible = 0;
			defaultConfigurationName = Release;
		};
		267CBDE02C5C9BC1004029DD /* Build configuration list for PBXNativeTarget "exporter-macos" */ = {
			isa = XCConfigurationList;
			buildConfigurations = (
				267CBDE12C5C9BC1004029DD /* Debug */,
				267CBDE22C5C9BC1004029DD /* Release */,
			);
			defaultConfigurationIsVisible = 0;
			defaultConfigurationName = Release;
		};
		267CBDE32C5C9BC1004029DD /* Build configuration list for PBXNativeTarget "exporter-macosTests" */ = {
			isa = XCConfigurationList;
			buildConfigurations = (
				267CBDE42C5C9BC1004029DD /* Debug */,
				267CBDE52C5C9BC1004029DD /* Release */,
			);
			defaultConfigurationIsVisible = 0;
			defaultConfigurationName = Release;
		};
		267CBDE62C5C9BC1004029DD /* Build configuration list for PBXNativeTarget "exporter-macosUITests" */ = {
			isa = XCConfigurationList;
			buildConfigurations = (
				267CBDE72C5C9BC1004029DD /* Debug */,
				267CBDE82C5C9BC1004029DD /* Release */,
			);
			defaultConfigurationIsVisible = 0;
			defaultConfigurationName = Release;
		};
/* End XCConfigurationList section */
	};
	rootObject = 267CBDB32C5C9BC0004029DD /* Project object */;
}
